
Microsoft Visual Studio Solution File, Format Version 12.00
# Visual Studio 2013
VisualStudioVersion = 12.0.21005.1
MinimumVisualStudioVersion = 10.0.40219.1
Project("{FAE04EC0-301F-11D3-BF4B-00C04F79EFBC}") = "AreYouHungry.Models", "AreYouHungry.Models\AreYouHungry.Models.csproj", "{F441C4BB-D7D8-4591-8369-3E2EE27833FD}"
EndProject
Project("{FAE04EC0-301F-11D3-BF4B-00C04F79EFBC}") = "AreYouHungry.Data", "AreYouHungry.Data\AreYouHungry.Data.csproj", "{637C963F-E29F-420E-A421-4F96E5E21CE7}"
EndProject
Project("{FAE04EC0-301F-11D3-BF4B-00C04F79EFBC}") = "AreYouHungry.Services", "AreYouHungry.Services\AreYouHungry.Services.csproj", "{A6BE4C68-0301-4886-8603-02011071BBD9}"
EndProject
Project("{070BCB52-5A75-4F8C-A973-144AF0EAFCC9}") = "AreYouHungry", "AreYouHungry\AreYouHungry.iceproj", "{49F81CAF-20D4-401D-92FE-FE8A2CB45778}"
EndProject
Global
	GlobalSection(SolutionConfigurationPlatforms) = preSolution
		Debug|Any CPU = Debug|Any CPU
		Release|Any CPU = Release|Any CPU
	EndGlobalSection
	GlobalSection(ProjectConfigurationPlatforms) = postSolution
		{F441C4BB-D7D8-4591-8369-3E2EE27833FD}.Debug|Any CPU.ActiveCfg = Debug|Any CPU
		{F441C4BB-D7D8-4591-8369-3E2EE27833FD}.Debug|Any CPU.Build.0 = Debug|Any CPU
		{F441C4BB-D7D8-4591-8369-3E2EE27833FD}.Release|Any CPU.ActiveCfg = Release|Any CPU
		{F441C4BB-D7D8-4591-8369-3E2EE27833FD}.Release|Any CPU.Build.0 = Release|Any CPU
		{637C963F-E29F-420E-A421-4F96E5E21CE7}.Debug|Any CPU.ActiveCfg = Debug|Any CPU
		{637C963F-E29F-420E-A421-4F96E5E21CE7}.Debug|Any CPU.Build.0 = Debug|Any CPU
		{637C963F-E29F-420E-A421-4F96E5E21CE7}.Release|Any CPU.ActiveCfg = Release|Any CPU
		{637C963F-E29F-420E-A421-4F96E5E21CE7}.Release|Any CPU.Build.0 = Release|Any CPU
		{A6BE4C68-0301-4886-8603-02011071BBD9}.Debug|Any CPU.ActiveCfg = Debug|Any CPU
		{A6BE4C68-0301-4886-8603-02011071BBD9}.Debug|Any CPU.Build.0 = Debug|Any CPU
		{A6BE4C68-0301-4886-8603-02011071BBD9}.Release|Any CPU.ActiveCfg = Release|Any CPU
		{A6BE4C68-0301-4886-8603-02011071BBD9}.Release|Any CPU.Build.0 = Release|Any CPU
		{49F81CAF-20D4-401D-92FE-FE8A2CB45778}.Debug|Any CPU.ActiveCfg = Debug|Any CPU
		{49F81CAF-20D4-401D-92FE-FE8A2CB45778}.Debug|Any CPU.Build.0 = Debug|Any CPU
		{49F81CAF-20D4-401D-92FE-FE8A2CB45778}.Release|Any CPU.ActiveCfg = Release|Any CPU
		{49F81CAF-20D4-401D-92FE-FE8A2CB45778}.Release|Any CPU.Build.0 = Release|Any CPU
	EndGlobalSection
	GlobalSection(SolutionProperties) = preSolution
		HideSolutionNode = FALSE
	EndGlobalSection
EndGlobal
